
Microsoft Visual Studio Solution File, Format Version 12.00
# Visual Studio Version 17
VisualStudioVersion = 17.14.36603.0 d17.14
MinimumVisualStudioVersion = 10.0.40219.1
Project("{FAE04EC0-301F-11D3-BF4B-00C04F79EFBC}") = "ProyectoGrupal", "ProyectoGrupal.csproj", "{5D18E0C7-6075-46A3-9325-03C976846107}"
EndProject
Global
	GlobalSection(SolutionConfigurationPlatforms) = preSolution
		Debug|Any CPU = Debug|Any CPU
		Release|Any CPU = Release|Any CPU
	EndGlobalSection
	GlobalSection(ProjectConfigurationPlatforms) = postSolution
		{5D18E0C7-6075-46A3-9325-03C976846107}.Debug|Any CPU.ActiveCfg = Debug|Any CPU
		{5D18E0C7-6075-46A3-9325-03C976846107}.Debug|Any CPU.Build.0 = Debug|Any CPU
		{5D18E0C7-6075-46A3-9325-03C976846107}.Release|Any CPU.ActiveCfg = Release|Any CPU
		{5D18E0C7-6075-46A3-9325-03C976846107}.Release|Any CPU.Build.0 = Release|Any CPU
	EndGlobalSection
	GlobalSection(SolutionProperties) = preSolution
		HideSolutionNode = FALSE
	EndGlobalSection
	GlobalSection(ExtensibilityGlobals) = postSolution
		SolutionGuid = {7C749D17-5840-41BD-8C47-93FDDA6E1A70}
	EndGlobalSection
EndGlobal
